// !$*UTF8*$!
{
	archiveVersion = 1;
	classes = {
	};
	objectVersion = 52;
	objects = {

/* Begin PBXBuildFile section */
		8107920F24DFACD5003683C1 /* GarallyCellViewModel.swift in Sources */ = {isa = PBXBuildFile; fileRef = 8107920E24DFACD5003683C1 /* GarallyCellViewModel.swift */; };
		8107921124DFAD65003683C1 /* GalleryCellView.swift in Sources */ = {isa = PBXBuildFile; fileRef = 8107921024DFAD65003683C1 /* GalleryCellView.swift */; };
		8125122224F0E2C10001CC3F /* ProfileView.swift in Sources */ = {isa = PBXBuildFile; fileRef = 8125122124F0E2C10001CC3F /* ProfileView.swift */; };
		81394E4C24F76001001CD680 /* HomeViewModel.swift in Sources */ = {isa = PBXBuildFile; fileRef = 81394E4B24F76001001CD680 /* HomeViewModel.swift */; };
		81394E5724F77004001CD680 /* SDWebImageSwiftUI in Frameworks */ = {isa = PBXBuildFile; productRef = 81394E5624F77004001CD680 /* SDWebImageSwiftUI */; };
		81394E5924F775E1001CD680 /* UIImage+Utils.swift in Sources */ = {isa = PBXBuildFile; fileRef = 81394E5824F775E1001CD680 /* UIImage+Utils.swift */; };
		813EE9CA24F1FA8E00032959 /* View+Auth.swift in Sources */ = {isa = PBXBuildFile; fileRef = 813EE9C924F1FA8E00032959 /* View+Auth.swift */; };
		813EE9CC24F217F100032959 /* SignupView.swift in Sources */ = {isa = PBXBuildFile; fileRef = 813EE9CB24F217F100032959 /* SignupView.swift */; };
		813EE9CE24F218FA00032959 /* SignupViewModel.swift in Sources */ = {isa = PBXBuildFile; fileRef = 813EE9CD24F218FA00032959 /* SignupViewModel.swift */; };
		81435D6024DA772A002CEB85 /* AppDelegate.swift in Sources */ = {isa = PBXBuildFile; fileRef = 81435D5F24DA772A002CEB85 /* AppDelegate.swift */; };
		81435D6224DA772A002CEB85 /* SceneDelegate.swift in Sources */ = {isa = PBXBuildFile; fileRef = 81435D6124DA772A002CEB85 /* SceneDelegate.swift */; };
		81435D6424DA772A002CEB85 /* HomeView.swift in Sources */ = {isa = PBXBuildFile; fileRef = 81435D6324DA772A002CEB85 /* HomeView.swift */; };
		81435D6624DA772C002CEB85 /* Assets.xcassets in Resources */ = {isa = PBXBuildFile; fileRef = 81435D6524DA772C002CEB85 /* Assets.xcassets */; };
		81435D6924DA772C002CEB85 /* Preview Assets.xcassets in Resources */ = {isa = PBXBuildFile; fileRef = 81435D6824DA772C002CEB85 /* Preview Assets.xcassets */; };
		81435D6C24DA772C002CEB85 /* LaunchScreen.storyboard in Resources */ = {isa = PBXBuildFile; fileRef = 81435D6A24DA772C002CEB85 /* LaunchScreen.storyboard */; };
		81435D7524DA7AAC002CEB85 /* PhotoRow.swift in Sources */ = {isa = PBXBuildFile; fileRef = 81435D7424DA7AAC002CEB85 /* PhotoRow.swift */; };
		814D7B1824F4E4CA001EF11D /* UploadUtils.swift in Sources */ = {isa = PBXBuildFile; fileRef = 814D7B1724F4E4CA001EF11D /* UploadUtils.swift */; };
		8160CBA524ECD7D8000AA717 /* PostView.swift in Sources */ = {isa = PBXBuildFile; fileRef = 8160CBA424ECD7D8000AA717 /* PostView.swift */; };
		8160CBA924ECDD3B000AA717 /* PostViewModel.swift in Sources */ = {isa = PBXBuildFile; fileRef = 8160CBA824ECDD3B000AA717 /* PostViewModel.swift */; };
		8160CBAC24EE1F81000AA717 /* GoogleService-Info.plist in Resources */ = {isa = PBXBuildFile; fileRef = 8160CBAB24EE1F81000AA717 /* GoogleService-Info.plist */; };
		8160CBAF24EE22D9000AA717 /* SigninView.swift in Sources */ = {isa = PBXBuildFile; fileRef = 8160CBAE24EE22D9000AA717 /* SigninView.swift */; };
		8160CBB124EE23FE000AA717 /* SigninViewModel.swift in Sources */ = {isa = PBXBuildFile; fileRef = 8160CBB024EE23FE000AA717 /* SigninViewModel.swift */; };
		8160CBB424EE2CBC000AA717 /* HorizontalLine.swift in Sources */ = {isa = PBXBuildFile; fileRef = 8160CBB324EE2CBC000AA717 /* HorizontalLine.swift */; };
		818897AE24FA05F10037ADC0 /* Resolver in Frameworks */ = {isa = PBXBuildFile; productRef = 818897AD24FA05F10037ADC0 /* Resolver */; };
		818897B124FA0A5A0037ADC0 /* PostsRepository.swift in Sources */ = {isa = PBXBuildFile; fileRef = 818897B024FA0A5A0037ADC0 /* PostsRepository.swift */; };
		818897B324FA0D240037ADC0 /* AppDelegate+Injection.swift in Sources */ = {isa = PBXBuildFile; fileRef = 818897B224FA0D240037ADC0 /* AppDelegate+Injection.swift */; };
		818897B524FA13530037ADC0 /* GridView.swift in Sources */ = {isa = PBXBuildFile; fileRef = 818897B424FA13530037ADC0 /* GridView.swift */; };
		818897B724FA257B0037ADC0 /* UserRepository.swift in Sources */ = {isa = PBXBuildFile; fileRef = 818897B624FA257B0037ADC0 /* UserRepository.swift */; };
		818897B924FA3EC60037ADC0 /* CustomScrollView.swift in Sources */ = {isa = PBXBuildFile; fileRef = 818897B824FA3EC60037ADC0 /* CustomScrollView.swift */; };
		818897BC24FA3FE30037ADC0 /* Introspect in Frameworks */ = {isa = PBXBuildFile; productRef = 818897BB24FA3FE30037ADC0 /* Introspect */; };
		819ADF9924F186080088E49C /* LoadingView.swift in Sources */ = {isa = PBXBuildFile; fileRef = 819ADF9824F186080088E49C /* LoadingView.swift */; };
		819ADF9B24F1BD000088E49C /* SessionStore.swift in Sources */ = {isa = PBXBuildFile; fileRef = 819ADF9A24F1BD000088E49C /* SessionStore.swift */; };
		819ADF9D24F1BE3C0088E49C /* AuthHandleView.swift in Sources */ = {isa = PBXBuildFile; fileRef = 819ADF9C24F1BE3C0088E49C /* AuthHandleView.swift */; };
		81A7CDE024F4C01300F15D54 /* InputField.swift in Sources */ = {isa = PBXBuildFile; fileRef = 81A7CDDF24F4C01300F15D54 /* InputField.swift */; };
		81B893CA24DBA24000F477B4 /* AppView.swift in Sources */ = {isa = PBXBuildFile; fileRef = 81B893C924DBA24000F477B4 /* AppView.swift */; };
		81EA992F24DE576200E99AE9 /* GalleryView.swift in Sources */ = {isa = PBXBuildFile; fileRef = 81EA992E24DE576200E99AE9 /* GalleryView.swift */; };
		81EA993224DE6B2500E99AE9 /* Utils.swift in Sources */ = {isa = PBXBuildFile; fileRef = 81EA993124DE6B2500E99AE9 /* Utils.swift */; };
		81EA993424DF03C800E99AE9 /* GarallyViewModel.swift in Sources */ = {isa = PBXBuildFile; fileRef = 81EA993324DF03C800E99AE9 /* GarallyViewModel.swift */; };
		81EA993724DF04D400E99AE9 /* PhotoAPI.swift in Sources */ = {isa = PBXBuildFile; fileRef = 81EA993624DF04D400E99AE9 /* PhotoAPI.swift */; };
		81F9E55424F8C38D002092A9 /* ProfileViewModel.swift in Sources */ = {isa = PBXBuildFile; fileRef = 81F9E55324F8C38D002092A9 /* ProfileViewModel.swift */; };
		81F9E55624F8E3B2002092A9 /* SearchView.swift in Sources */ = {isa = PBXBuildFile; fileRef = 81F9E55524F8E3B2002092A9 /* SearchView.swift */; };
		81F9E55924F8E3FA002092A9 /* FavoriteView.swift in Sources */ = {isa = PBXBuildFile; fileRef = 81F9E55824F8E3FA002092A9 /* FavoriteView.swift */; };
		C132AAAA9B2FE6D7C18E4FD4 /* Pods_instagram.framework in Frameworks */ = {isa = PBXBuildFile; fileRef = 924858019D39C8403DE3FCA0 /* Pods_instagram.framework */; };
/* End PBXBuildFile section */

/* Begin PBXFileReference section */
		6CBCE50161B81CF6BB9F5618 /* Pods-instagram.release.xcconfig */ = {isa = PBXFileReference; includeInIndex = 1; lastKnownFileType = text.xcconfig; name = "Pods-instagram.release.xcconfig"; path = "Target Support Files/Pods-instagram/Pods-instagram.release.xcconfig"; sourceTree = "<group>"; };
		8107920E24DFACD5003683C1 /* GarallyCellViewModel.swift */ = {isa = PBXFileReference; lastKnownFileType = sourcecode.swift; path = GarallyCellViewModel.swift; sourceTree = "<group>"; };
		8107921024DFAD65003683C1 /* GalleryCellView.swift */ = {isa = PBXFileReference; lastKnownFileType = sourcecode.swift; path = GalleryCellView.swift; sourceTree = "<group>"; };
		8125122124F0E2C10001CC3F /* ProfileView.swift */ = {isa = PBXFileReference; lastKnownFileType = sourcecode.swift; path = ProfileView.swift; sourceTree = "<group>"; };
		81394E4B24F76001001CD680 /* HomeViewModel.swift */ = {isa = PBXFileReference; lastKnownFileType = sourcecode.swift; path = HomeViewModel.swift; sourceTree = "<group>"; };
		81394E5824F775E1001CD680 /* UIImage+Utils.swift */ = {isa = PBXFileReference; lastKnownFileType = sourcecode.swift; path = "UIImage+Utils.swift"; sourceTree = "<group>"; };
		813EE9C924F1FA8E00032959 /* View+Auth.swift */ = {isa = PBXFileReference; lastKnownFileType = sourcecode.swift; path = "View+Auth.swift"; sourceTree = "<group>"; };
		813EE9CB24F217F100032959 /* SignupView.swift */ = {isa = PBXFileReference; lastKnownFileType = sourcecode.swift; path = SignupView.swift; sourceTree = "<group>"; };
		813EE9CD24F218FA00032959 /* SignupViewModel.swift */ = {isa = PBXFileReference; lastKnownFileType = sourcecode.swift; path = SignupViewModel.swift; sourceTree = "<group>"; };
		81435D5C24DA772A002CEB85 /* instagram.app */ = {isa = PBXFileReference; explicitFileType = wrapper.application; includeInIndex = 0; path = instagram.app; sourceTree = BUILT_PRODUCTS_DIR; };
		81435D5F24DA772A002CEB85 /* AppDelegate.swift */ = {isa = PBXFileReference; lastKnownFileType = sourcecode.swift; path = AppDelegate.swift; sourceTree = "<group>"; };
		81435D6124DA772A002CEB85 /* SceneDelegate.swift */ = {isa = PBXFileReference; lastKnownFileType = sourcecode.swift; path = SceneDelegate.swift; sourceTree = "<group>"; };
		81435D6324DA772A002CEB85 /* HomeView.swift */ = {isa = PBXFileReference; lastKnownFileType = sourcecode.swift; path = HomeView.swift; sourceTree = "<group>"; };
		81435D6524DA772C002CEB85 /* Assets.xcassets */ = {isa = PBXFileReference; lastKnownFileType = folder.assetcatalog; path = Assets.xcassets; sourceTree = "<group>"; };
		81435D6824DA772C002CEB85 /* Preview Assets.xcassets */ = {isa = PBXFileReference; lastKnownFileType = folder.assetcatalog; path = "Preview Assets.xcassets"; sourceTree = "<group>"; };
		81435D6B24DA772C002CEB85 /* Base */ = {isa = PBXFileReference; lastKnownFileType = file.storyboard; name = Base; path = Base.lproj/LaunchScreen.storyboard; sourceTree = "<group>"; };
		81435D6D24DA772C002CEB85 /* Info.plist */ = {isa = PBXFileReference; lastKnownFileType = text.plist.xml; path = Info.plist; sourceTree = "<group>"; };
		81435D7424DA7AAC002CEB85 /* PhotoRow.swift */ = {isa = PBXFileReference; lastKnownFileType = sourcecode.swift; path = PhotoRow.swift; sourceTree = "<group>"; };
		814D7B1724F4E4CA001EF11D /* UploadUtils.swift */ = {isa = PBXFileReference; lastKnownFileType = sourcecode.swift; path = UploadUtils.swift; sourceTree = "<group>"; };
		8160CBA424ECD7D8000AA717 /* PostView.swift */ = {isa = PBXFileReference; lastKnownFileType = sourcecode.swift; path = PostView.swift; sourceTree = "<group>"; };
		8160CBA824ECDD3B000AA717 /* PostViewModel.swift */ = {isa = PBXFileReference; lastKnownFileType = sourcecode.swift; path = PostViewModel.swift; sourceTree = "<group>"; };
		8160CBAB24EE1F81000AA717 /* GoogleService-Info.plist */ = {isa = PBXFileReference; fileEncoding = 4; lastKnownFileType = text.plist.xml; path = "GoogleService-Info.plist"; sourceTree = "<group>"; };
		8160CBAE24EE22D9000AA717 /* SigninView.swift */ = {isa = PBXFileReference; lastKnownFileType = sourcecode.swift; path = SigninView.swift; sourceTree = "<group>"; };
		8160CBB024EE23FE000AA717 /* SigninViewModel.swift */ = {isa = PBXFileReference; lastKnownFileType = sourcecode.swift; path = SigninViewModel.swift; sourceTree = "<group>"; };
		8160CBB324EE2CBC000AA717 /* HorizontalLine.swift */ = {isa = PBXFileReference; lastKnownFileType = sourcecode.swift; path = HorizontalLine.swift; sourceTree = "<group>"; };
		818897B024FA0A5A0037ADC0 /* PostsRepository.swift */ = {isa = PBXFileReference; lastKnownFileType = sourcecode.swift; path = PostsRepository.swift; sourceTree = "<group>"; };
		818897B224FA0D240037ADC0 /* AppDelegate+Injection.swift */ = {isa = PBXFileReference; lastKnownFileType = sourcecode.swift; path = "AppDelegate+Injection.swift"; sourceTree = "<group>"; };
		818897B424FA13530037ADC0 /* GridView.swift */ = {isa = PBXFileReference; lastKnownFileType = sourcecode.swift; path = GridView.swift; sourceTree = "<group>"; };
		818897B624FA257B0037ADC0 /* UserRepository.swift */ = {isa = PBXFileReference; lastKnownFileType = sourcecode.swift; path = UserRepository.swift; sourceTree = "<group>"; };
		818897B824FA3EC60037ADC0 /* CustomScrollView.swift */ = {isa = PBXFileReference; lastKnownFileType = sourcecode.swift; path = CustomScrollView.swift; sourceTree = "<group>"; };
		819ADF9824F186080088E49C /* LoadingView.swift */ = {isa = PBXFileReference; lastKnownFileType = sourcecode.swift; path = LoadingView.swift; sourceTree = "<group>"; };
		819ADF9A24F1BD000088E49C /* SessionStore.swift */ = {isa = PBXFileReference; lastKnownFileType = sourcecode.swift; path = SessionStore.swift; sourceTree = "<group>"; };
		819ADF9C24F1BE3C0088E49C /* AuthHandleView.swift */ = {isa = PBXFileReference; lastKnownFileType = sourcecode.swift; path = AuthHandleView.swift; sourceTree = "<group>"; };
		81A7CDDF24F4C01300F15D54 /* InputField.swift */ = {isa = PBXFileReference; lastKnownFileType = sourcecode.swift; path = InputField.swift; sourceTree = "<group>"; };
		81B893C924DBA24000F477B4 /* AppView.swift */ = {isa = PBXFileReference; lastKnownFileType = sourcecode.swift; path = AppView.swift; sourceTree = "<group>"; };
		81EA992E24DE576200E99AE9 /* GalleryView.swift */ = {isa = PBXFileReference; lastKnownFileType = sourcecode.swift; path = GalleryView.swift; sourceTree = "<group>"; };
		81EA993124DE6B2500E99AE9 /* Utils.swift */ = {isa = PBXFileReference; lastKnownFileType = sourcecode.swift; path = Utils.swift; sourceTree = "<group>"; };
		81EA993324DF03C800E99AE9 /* GarallyViewModel.swift */ = {isa = PBXFileReference; lastKnownFileType = sourcecode.swift; path = GarallyViewModel.swift; sourceTree = "<group>"; };
		81EA993624DF04D400E99AE9 /* PhotoAPI.swift */ = {isa = PBXFileReference; lastKnownFileType = sourcecode.swift; path = PhotoAPI.swift; sourceTree = "<group>"; };
		81F9E55324F8C38D002092A9 /* ProfileViewModel.swift */ = {isa = PBXFileReference; lastKnownFileType = sourcecode.swift; path = ProfileViewModel.swift; sourceTree = "<group>"; };
		81F9E55524F8E3B2002092A9 /* SearchView.swift */ = {isa = PBXFileReference; lastKnownFileType = sourcecode.swift; path = SearchView.swift; sourceTree = "<group>"; };
		81F9E55824F8E3FA002092A9 /* FavoriteView.swift */ = {isa = PBXFileReference; lastKnownFileType = sourcecode.swift; path = FavoriteView.swift; sourceTree = "<group>"; };
		8201A4B7EF138AF388849FA7 /* Pods-instagram.debug.xcconfig */ = {isa = PBXFileReference; includeInIndex = 1; lastKnownFileType = text.xcconfig; name = "Pods-instagram.debug.xcconfig"; path = "Target Support Files/Pods-instagram/Pods-instagram.debug.xcconfig"; sourceTree = "<group>"; };
		924858019D39C8403DE3FCA0 /* Pods_instagram.framework */ = {isa = PBXFileReference; explicitFileType = wrapper.framework; includeInIndex = 0; path = Pods_instagram.framework; sourceTree = BUILT_PRODUCTS_DIR; };
/* End PBXFileReference section */

/* Begin PBXFrameworksBuildPhase section */
		81435D5924DA772A002CEB85 /* Frameworks */ = {
			isa = PBXFrameworksBuildPhase;
			buildActionMask = 2147483647;
			files = (
				818897AE24FA05F10037ADC0 /* Resolver in Frameworks */,
				818897BC24FA3FE30037ADC0 /* Introspect in Frameworks */,
				81394E5724F77004001CD680 /* SDWebImageSwiftUI in Frameworks */,
				C132AAAA9B2FE6D7C18E4FD4 /* Pods_instagram.framework in Frameworks */,
			);
			runOnlyForDeploymentPostprocessing = 0;
		};
/* End PBXFrameworksBuildPhase section */

/* Begin PBXGroup section */
		8125122024F0E2AC0001CC3F /* profile */ = {
			isa = PBXGroup;
			children = (
				8125122124F0E2C10001CC3F /* ProfileView.swift */,
				81F9E55324F8C38D002092A9 /* ProfileViewModel.swift */,
			);
			path = profile;
			sourceTree = "<group>";
		};
		81435D5324DA772A002CEB85 = {
			isa = PBXGroup;
			children = (
				81435D5E24DA772A002CEB85 /* instagram */,
				81435D5D24DA772A002CEB85 /* Products */,
				E2098951D5909805702D6196 /* Pods */,
				CBF4CB5D957D752DA34BDFF1 /* Frameworks */,
			);
			sourceTree = "<group>";
		};
		81435D5D24DA772A002CEB85 /* Products */ = {
			isa = PBXGroup;
			children = (
				81435D5C24DA772A002CEB85 /* instagram.app */,
			);
			name = Products;
			sourceTree = "<group>";
		};
		81435D5E24DA772A002CEB85 /* instagram */ = {
			isa = PBXGroup;
			children = (
				818897AF24FA063C0037ADC0 /* repository */,
				81F9E55724F8E3E5002092A9 /* favorite */,
				8125122024F0E2AC0001CC3F /* profile */,
				8160CBB224EE2CA1000AA717 /* components */,
				8160CBAD24EE2270000AA717 /* auth */,
				8160CBAA24ECFD59000AA717 /* search */,
				81EA993524DF04BB00E99AE9 /* services */,
				81EA993024DE6B1100E99AE9 /* utils */,
				81EA992B24DE54C100E99AE9 /* add */,
				81435D7324DA7A65002CEB85 /* home */,
				81435D5F24DA772A002CEB85 /* AppDelegate.swift */,
				81435D6124DA772A002CEB85 /* SceneDelegate.swift */,
				81B893C924DBA24000F477B4 /* AppView.swift */,
				81435D6524DA772C002CEB85 /* Assets.xcassets */,
				81435D6A24DA772C002CEB85 /* LaunchScreen.storyboard */,
				8160CBAB24EE1F81000AA717 /* GoogleService-Info.plist */,
				81435D6D24DA772C002CEB85 /* Info.plist */,
				81435D6724DA772C002CEB85 /* Preview Content */,
				818897B224FA0D240037ADC0 /* AppDelegate+Injection.swift */,
			);
			path = instagram;
			sourceTree = "<group>";
		};
		81435D6724DA772C002CEB85 /* Preview Content */ = {
			isa = PBXGroup;
			children = (
				81435D6824DA772C002CEB85 /* Preview Assets.xcassets */,
			);
			path = "Preview Content";
			sourceTree = "<group>";
		};
		81435D7324DA7A65002CEB85 /* home */ = {
			isa = PBXGroup;
			children = (
				81435D6324DA772A002CEB85 /* HomeView.swift */,
				81435D7424DA7AAC002CEB85 /* PhotoRow.swift */,
				81394E4B24F76001001CD680 /* HomeViewModel.swift */,
			);
			path = home;
			sourceTree = "<group>";
		};
		8160CBAA24ECFD59000AA717 /* search */ = {
			isa = PBXGroup;
			children = (
				81F9E55524F8E3B2002092A9 /* SearchView.swift */,
			);
			path = search;
			sourceTree = "<group>";
		};
		8160CBAD24EE2270000AA717 /* auth */ = {
			isa = PBXGroup;
			children = (
				813EE9C924F1FA8E00032959 /* View+Auth.swift */,
				8160CBAE24EE22D9000AA717 /* SigninView.swift */,
				8160CBB024EE23FE000AA717 /* SigninViewModel.swift */,
				819ADF9824F186080088E49C /* LoadingView.swift */,
				819ADF9A24F1BD000088E49C /* SessionStore.swift */,
				819ADF9C24F1BE3C0088E49C /* AuthHandleView.swift */,
				813EE9CB24F217F100032959 /* SignupView.swift */,
				813EE9CD24F218FA00032959 /* SignupViewModel.swift */,
			);
			path = auth;
			sourceTree = "<group>";
		};
		8160CBB224EE2CA1000AA717 /* components */ = {
			isa = PBXGroup;
			children = (
				8160CBB324EE2CBC000AA717 /* HorizontalLine.swift */,
				81A7CDDF24F4C01300F15D54 /* InputField.swift */,
				818897B424FA13530037ADC0 /* GridView.swift */,
				818897B824FA3EC60037ADC0 /* CustomScrollView.swift */,
			);
			path = components;
			sourceTree = "<group>";
		};
		818897AF24FA063C0037ADC0 /* repository */ = {
			isa = PBXGroup;
			children = (
				818897B024FA0A5A0037ADC0 /* PostsRepository.swift */,
				818897B624FA257B0037ADC0 /* UserRepository.swift */,
			);
			path = repository;
			sourceTree = "<group>";
		};
		81EA992B24DE54C100E99AE9 /* add */ = {
			isa = PBXGroup;
			children = (
				81EA992E24DE576200E99AE9 /* GalleryView.swift */,
				81EA993324DF03C800E99AE9 /* GarallyViewModel.swift */,
				8107921024DFAD65003683C1 /* GalleryCellView.swift */,
				8107920E24DFACD5003683C1 /* GarallyCellViewModel.swift */,
				8160CBA424ECD7D8000AA717 /* PostView.swift */,
				8160CBA824ECDD3B000AA717 /* PostViewModel.swift */,
			);
			path = add;
			sourceTree = "<group>";
		};
		81EA993024DE6B1100E99AE9 /* utils */ = {
			isa = PBXGroup;
			children = (
				81EA993124DE6B2500E99AE9 /* Utils.swift */,
				814D7B1724F4E4CA001EF11D /* UploadUtils.swift */,
				81394E5824F775E1001CD680 /* UIImage+Utils.swift */,
			);
			path = utils;
			sourceTree = "<group>";
		};
		81EA993524DF04BB00E99AE9 /* services */ = {
			isa = PBXGroup;
			children = (
				81EA993624DF04D400E99AE9 /* PhotoAPI.swift */,
			);
			path = services;
			sourceTree = "<group>";
		};
		81F9E55724F8E3E5002092A9 /* favorite */ = {
			isa = PBXGroup;
			children = (
				81F9E55824F8E3FA002092A9 /* FavoriteView.swift */,
			);
			path = favorite;
			sourceTree = "<group>";
		};
		CBF4CB5D957D752DA34BDFF1 /* Frameworks */ = {
			isa = PBXGroup;
			children = (
				924858019D39C8403DE3FCA0 /* Pods_instagram.framework */,
			);
			name = Frameworks;
			sourceTree = "<group>";
		};
		E2098951D5909805702D6196 /* Pods */ = {
			isa = PBXGroup;
			children = (
				8201A4B7EF138AF388849FA7 /* Pods-instagram.debug.xcconfig */,
				6CBCE50161B81CF6BB9F5618 /* Pods-instagram.release.xcconfig */,
			);
			path = Pods;
			sourceTree = "<group>";
		};
/* End PBXGroup section */

/* Begin PBXNativeTarget section */
		81435D5B24DA772A002CEB85 /* instagram */ = {
			isa = PBXNativeTarget;
			buildConfigurationList = 81435D7024DA772C002CEB85 /* Build configuration list for PBXNativeTarget "instagram" */;
			buildPhases = (
				01853DC83C1007E3EA4E8B75 /* [CP] Check Pods Manifest.lock */,
				81435D5824DA772A002CEB85 /* Sources */,
				81435D5924DA772A002CEB85 /* Frameworks */,
				81435D5A24DA772A002CEB85 /* Resources */,
				81EA992A24DBDDA800E99AE9 /* Lint & Format script */,
				DBF7F87B692AD6C77D32CDC7 /* [CP] Embed Pods Frameworks */,
				F2D8CA5F42797A05FC109B81 /* [CP] Copy Pods Resources */,
			);
			buildRules = (
			);
			dependencies = (
			);
			name = instagram;
			packageProductDependencies = (
				81394E5624F77004001CD680 /* SDWebImageSwiftUI */,
				818897AD24FA05F10037ADC0 /* Resolver */,
				818897BB24FA3FE30037ADC0 /* Introspect */,
			);
			productName = instagram;
			productReference = 81435D5C24DA772A002CEB85 /* instagram.app */;
			productType = "com.apple.product-type.application";
		};
/* End PBXNativeTarget section */

/* Begin PBXProject section */
		81435D5424DA772A002CEB85 /* Project object */ = {
			isa = PBXProject;
			attributes = {
				LastSwiftUpdateCheck = 1150;
				LastUpgradeCheck = 1150;
				ORGANIZATIONNAME = "Yuki Matsushita";
				TargetAttributes = {
					81435D5B24DA772A002CEB85 = {
						CreatedOnToolsVersion = 11.5;
					};
				};
			};
			buildConfigurationList = 81435D5724DA772A002CEB85 /* Build configuration list for PBXProject "instagram" */;
			compatibilityVersion = "Xcode 9.3";
			developmentRegion = en;
			hasScannedForEncodings = 0;
			knownRegions = (
				en,
				Base,
			);
			mainGroup = 81435D5324DA772A002CEB85;
			packageReferences = (
				81394E5524F77004001CD680 /* XCRemoteSwiftPackageReference "SDWebImageSwiftUI" */,
				818897AC24FA05F10037ADC0 /* XCRemoteSwiftPackageReference "Resolver" */,
				818897BA24FA3FE30037ADC0 /* XCRemoteSwiftPackageReference "SwiftUI-Introspect" */,
			);
			productRefGroup = 81435D5D24DA772A002CEB85 /* Products */;
			projectDirPath = "";
			projectRoot = "";
			targets = (
				81435D5B24DA772A002CEB85 /* instagram */,
			);
		};
/* End PBXProject section */

/* Begin PBXResourcesBuildPhase section */
		81435D5A24DA772A002CEB85 /* Resources */ = {
			isa = PBXResourcesBuildPhase;
			buildActionMask = 2147483647;
			files = (
				81435D6C24DA772C002CEB85 /* LaunchScreen.storyboard in Resources */,
				8160CBAC24EE1F81000AA717 /* GoogleService-Info.plist in Resources */,
				81435D6924DA772C002CEB85 /* Preview Assets.xcassets in Resources */,
				81435D6624DA772C002CEB85 /* Assets.xcassets in Resources */,
			);
			runOnlyForDeploymentPostprocessing = 0;
		};
/* End PBXResourcesBuildPhase section */

/* Begin PBXShellScriptBuildPhase section */
		01853DC83C1007E3EA4E8B75 /* [CP] Check Pods Manifest.lock */ = {
			isa = PBXShellScriptBuildPhase;
			buildActionMask = 2147483647;
			files = (
			);
			inputFileListPaths = (
			);
			inputPaths = (
				"${PODS_PODFILE_DIR_PATH}/Podfile.lock",
				"${PODS_ROOT}/Manifest.lock",
			);
			name = "[CP] Check Pods Manifest.lock";
			outputFileListPaths = (
			);
			outputPaths = (
				"$(DERIVED_FILE_DIR)/Pods-instagram-checkManifestLockResult.txt",
			);
			runOnlyForDeploymentPostprocessing = 0;
			shellPath = /bin/sh;
			shellScript = "diff \"${PODS_PODFILE_DIR_PATH}/Podfile.lock\" \"${PODS_ROOT}/Manifest.lock\" > /dev/null\nif [ $? != 0 ] ; then\n    # print error to STDERR\n    echo \"error: The sandbox is not in sync with the Podfile.lock. Run 'pod install' or update your CocoaPods installation.\" >&2\n    exit 1\nfi\n# This output is used by Xcode 'outputs' to avoid re-running this script phase.\necho \"SUCCESS\" > \"${SCRIPT_OUTPUT_FILE_0}\"\n";
			showEnvVarsInLog = 0;
		};
		81EA992A24DBDDA800E99AE9 /* Lint & Format script */ = {
			isa = PBXShellScriptBuildPhase;
			buildActionMask = 2147483647;
			files = (
			);
			inputFileListPaths = (
			);
			inputPaths = (
			);
			name = "Lint & Format script";
			outputFileListPaths = (
			);
			outputPaths = (
			);
			runOnlyForDeploymentPostprocessing = 0;
			shellPath = /bin/sh;
			shellScript = "SDKROOT=macosx\n\nswift run --package-path BuildTools swift-format --mode format -r ./instagram -i\n\nswift run --package-path BuildTools swift-format --mode lint -r ./instagram\n\n";
		};
		DBF7F87B692AD6C77D32CDC7 /* [CP] Embed Pods Frameworks */ = {
			isa = PBXShellScriptBuildPhase;
			buildActionMask = 2147483647;
			files = (
			);
			inputFileListPaths = (
				"${PODS_ROOT}/Target Support Files/Pods-instagram/Pods-instagram-frameworks-${CONFIGURATION}-input-files.xcfilelist",
			);
			name = "[CP] Embed Pods Frameworks";
			outputFileListPaths = (
				"${PODS_ROOT}/Target Support Files/Pods-instagram/Pods-instagram-frameworks-${CONFIGURATION}-output-files.xcfilelist",
			);
			runOnlyForDeploymentPostprocessing = 0;
			shellPath = /bin/sh;
			shellScript = "\"${PODS_ROOT}/Target Support Files/Pods-instagram/Pods-instagram-frameworks.sh\"\n";
			showEnvVarsInLog = 0;
		};
		F2D8CA5F42797A05FC109B81 /* [CP] Copy Pods Resources */ = {
			isa = PBXShellScriptBuildPhase;
			buildActionMask = 2147483647;
			files = (
			);
			inputFileListPaths = (
				"${PODS_ROOT}/Target Support Files/Pods-instagram/Pods-instagram-resources-${CONFIGURATION}-input-files.xcfilelist",
			);
			name = "[CP] Copy Pods Resources";
			outputFileListPaths = (
				"${PODS_ROOT}/Target Support Files/Pods-instagram/Pods-instagram-resources-${CONFIGURATION}-output-files.xcfilelist",
			);
			runOnlyForDeploymentPostprocessing = 0;
			shellPath = /bin/sh;
			shellScript = "\"${PODS_ROOT}/Target Support Files/Pods-instagram/Pods-instagram-resources.sh\"\n";
			showEnvVarsInLog = 0;
		};
/* End PBXShellScriptBuildPhase section */

/* Begin PBXSourcesBuildPhase section */
		81435D5824DA772A002CEB85 /* Sources */ = {
			isa = PBXSourcesBuildPhase;
			buildActionMask = 2147483647;
			files = (
				818897B324FA0D240037ADC0 /* AppDelegate+Injection.swift in Sources */,
				819ADF9D24F1BE3C0088E49C /* AuthHandleView.swift in Sources */,
				8160CBAF24EE22D9000AA717 /* SigninView.swift in Sources */,
				81EA992F24DE576200E99AE9 /* GalleryView.swift in Sources */,
				81F9E55624F8E3B2002092A9 /* SearchView.swift in Sources */,
				81435D6024DA772A002CEB85 /* AppDelegate.swift in Sources */,
				818897B724FA257B0037ADC0 /* UserRepository.swift in Sources */,
				81435D6224DA772A002CEB85 /* SceneDelegate.swift in Sources */,
				81EA993724DF04D400E99AE9 /* PhotoAPI.swift in Sources */,
				818897B924FA3EC60037ADC0 /* CustomScrollView.swift in Sources */,
				81F9E55424F8C38D002092A9 /* ProfileViewModel.swift in Sources */,
				8160CBB124EE23FE000AA717 /* SigninViewModel.swift in Sources */,
				81435D6424DA772A002CEB85 /* HomeView.swift in Sources */,
				81B893CA24DBA24000F477B4 /* AppView.swift in Sources */,
				813EE9CE24F218FA00032959 /* SignupViewModel.swift in Sources */,
				81EA993424DF03C800E99AE9 /* GarallyViewModel.swift in Sources */,
				8125122224F0E2C10001CC3F /* ProfileView.swift in Sources */,
				8160CBA924ECDD3B000AA717 /* PostViewModel.swift in Sources */,
				81435D7524DA7AAC002CEB85 /* PhotoRow.swift in Sources */,
				8107920F24DFACD5003683C1 /* GarallyCellViewModel.swift in Sources */,
				81EA993224DE6B2500E99AE9 /* Utils.swift in Sources */,
				819ADF9B24F1BD000088E49C /* SessionStore.swift in Sources */,
				814D7B1824F4E4CA001EF11D /* UploadUtils.swift in Sources */,
				8160CBB424EE2CBC000AA717 /* HorizontalLine.swift in Sources */,
				813EE9CA24F1FA8E00032959 /* View+Auth.swift in Sources */,
				81394E5924F775E1001CD680 /* UIImage+Utils.swift in Sources */,
				8160CBA524ECD7D8000AA717 /* PostView.swift in Sources */,
				818897B524FA13530037ADC0 /* GridView.swift in Sources */,
				818897B124FA0A5A0037ADC0 /* PostsRepository.swift in Sources */,
				81394E4C24F76001001CD680 /* HomeViewModel.swift in Sources */,
				8107921124DFAD65003683C1 /* GalleryCellView.swift in Sources */,
				813EE9CC24F217F100032959 /* SignupView.swift in Sources */,
				819ADF9924F186080088E49C /* LoadingView.swift in Sources */,
				81F9E55924F8E3FA002092A9 /* FavoriteView.swift in Sources */,
				81A7CDE024F4C01300F15D54 /* InputField.swift in Sources */,
			);
			runOnlyForDeploymentPostprocessing = 0;
		};
/* End PBXSourcesBuildPhase section */

/* Begin PBXVariantGroup section */
		81435D6A24DA772C002CEB85 /* LaunchScreen.storyboard */ = {
			isa = PBXVariantGroup;
			children = (
				81435D6B24DA772C002CEB85 /* Base */,
			);
			name = LaunchScreen.storyboard;
			sourceTree = "<group>";
		};
/* End PBXVariantGroup section */

/* Begin XCBuildConfiguration section */
		81435D6E24DA772C002CEB85 /* Debug */ = {
			isa = XCBuildConfiguration;
			buildSettings = {
				ALWAYS_SEARCH_USER_PATHS = NO;
				CLANG_ANALYZER_NONNULL = YES;
				CLANG_ANALYZER_NUMBER_OBJECT_CONVERSION = YES_AGGRESSIVE;
				CLANG_CXX_LANGUAGE_STANDARD = "gnu++14";
				CLANG_CXX_LIBRARY = "libc++";
				CLANG_ENABLE_MODULES = YES;
				CLANG_ENABLE_OBJC_ARC = YES;
				CLANG_ENABLE_OBJC_WEAK = YES;
				CLANG_WARN_BLOCK_CAPTURE_AUTORELEASING = YES;
				CLANG_WARN_BOOL_CONVERSION = YES;
				CLANG_WARN_COMMA = YES;
				CLANG_WARN_CONSTANT_CONVERSION = YES;
				CLANG_WARN_DEPRECATED_OBJC_IMPLEMENTATIONS = YES;
				CLANG_WARN_DIRECT_OBJC_ISA_USAGE = YES_ERROR;
				CLANG_WARN_DOCUMENTATION_COMMENTS = YES;
				CLANG_WARN_EMPTY_BODY = YES;
				CLANG_WARN_ENUM_CONVERSION = YES;
				CLANG_WARN_INFINITE_RECURSION = YES;
				CLANG_WARN_INT_CONVERSION = YES;
				CLANG_WARN_NON_LITERAL_NULL_CONVERSION = YES;
				CLANG_WARN_OBJC_IMPLICIT_RETAIN_SELF = YES;
				CLANG_WARN_OBJC_LITERAL_CONVERSION = YES;
				CLANG_WARN_OBJC_ROOT_CLASS = YES_ERROR;
				CLANG_WARN_RANGE_LOOP_ANALYSIS = YES;
				CLANG_WARN_STRICT_PROTOTYPES = YES;
				CLANG_WARN_SUSPICIOUS_MOVE = YES;
				CLANG_WARN_UNGUARDED_AVAILABILITY = YES_AGGRESSIVE;
				CLANG_WARN_UNREACHABLE_CODE = YES;
				CLANG_WARN__DUPLICATE_METHOD_MATCH = YES;
				COPY_PHASE_STRIP = NO;
				DEBUG_INFORMATION_FORMAT = dwarf;
				ENABLE_STRICT_OBJC_MSGSEND = YES;
				ENABLE_TESTABILITY = YES;
				GCC_C_LANGUAGE_STANDARD = gnu11;
				GCC_DYNAMIC_NO_PIC = NO;
				GCC_NO_COMMON_BLOCKS = YES;
				GCC_OPTIMIZATION_LEVEL = 0;
				GCC_PREPROCESSOR_DEFINITIONS = (
					"DEBUG=1",
					"$(inherited)",
				);
				GCC_WARN_64_TO_32_BIT_CONVERSION = YES;
				GCC_WARN_ABOUT_RETURN_TYPE = YES_ERROR;
				GCC_WARN_UNDECLARED_SELECTOR = YES;
				GCC_WARN_UNINITIALIZED_AUTOS = YES_AGGRESSIVE;
				GCC_WARN_UNUSED_FUNCTION = YES;
				GCC_WARN_UNUSED_VARIABLE = YES;
				IPHONEOS_DEPLOYMENT_TARGET = 13.0;
				MTL_ENABLE_DEBUG_INFO = INCLUDE_SOURCE;
				MTL_FAST_MATH = YES;
				ONLY_ACTIVE_ARCH = YES;
				SDKROOT = iphoneos;
				SWIFT_ACTIVE_COMPILATION_CONDITIONS = DEBUG;
				SWIFT_OPTIMIZATION_LEVEL = "-Onone";
				SWIFT_VERSION = 5.0;
			};
			name = Debug;
		};
		81435D6F24DA772C002CEB85 /* Release */ = {
			isa = XCBuildConfiguration;
			buildSettings = {
				ALWAYS_SEARCH_USER_PATHS = NO;
				CLANG_ANALYZER_NONNULL = YES;
				CLANG_ANALYZER_NUMBER_OBJECT_CONVERSION = YES_AGGRESSIVE;
				CLANG_CXX_LANGUAGE_STANDARD = "gnu++14";
				CLANG_CXX_LIBRARY = "libc++";
				CLANG_ENABLE_MODULES = YES;
				CLANG_ENABLE_OBJC_ARC = YES;
				CLANG_ENABLE_OBJC_WEAK = YES;
				CLANG_WARN_BLOCK_CAPTURE_AUTORELEASING = YES;
				CLANG_WARN_BOOL_CONVERSION = YES;
				CLANG_WARN_COMMA = YES;
				CLANG_WARN_CONSTANT_CONVERSION = YES;
				CLANG_WARN_DEPRECATED_OBJC_IMPLEMENTATIONS = YES;
				CLANG_WARN_DIRECT_OBJC_ISA_USAGE = YES_ERROR;
				CLANG_WARN_DOCUMENTATION_COMMENTS = YES;
				CLANG_WARN_EMPTY_BODY = YES;
				CLANG_WARN_ENUM_CONVERSION = YES;
				CLANG_WARN_INFINITE_RECURSION = YES;
				CLANG_WARN_INT_CONVERSION = YES;
				CLANG_WARN_NON_LITERAL_NULL_CONVERSION = YES;
				CLANG_WARN_OBJC_IMPLICIT_RETAIN_SELF = YES;
				CLANG_WARN_OBJC_LITERAL_CONVERSION = YES;
				CLANG_WARN_OBJC_ROOT_CLASS = YES_ERROR;
				CLANG_WARN_RANGE_LOOP_ANALYSIS = YES;
				CLANG_WARN_STRICT_PROTOTYPES = YES;
				CLANG_WARN_SUSPICIOUS_MOVE = YES;
				CLANG_WARN_UNGUARDED_AVAILABILITY = YES_AGGRESSIVE;
				CLANG_WARN_UNREACHABLE_CODE = YES;
				CLANG_WARN__DUPLICATE_METHOD_MATCH = YES;
				COPY_PHASE_STRIP = NO;
				DEBUG_INFORMATION_FORMAT = "dwarf-with-dsym";
				ENABLE_NS_ASSERTIONS = NO;
				ENABLE_STRICT_OBJC_MSGSEND = YES;
				GCC_C_LANGUAGE_STANDARD = gnu11;
				GCC_NO_COMMON_BLOCKS = YES;
				GCC_WARN_64_TO_32_BIT_CONVERSION = YES;
				GCC_WARN_ABOUT_RETURN_TYPE = YES_ERROR;
				GCC_WARN_UNDECLARED_SELECTOR = YES;
				GCC_WARN_UNINITIALIZED_AUTOS = YES_AGGRESSIVE;
				GCC_WARN_UNUSED_FUNCTION = YES;
				GCC_WARN_UNUSED_VARIABLE = YES;
				IPHONEOS_DEPLOYMENT_TARGET = 13.0;
				MTL_ENABLE_DEBUG_INFO = NO;
				MTL_FAST_MATH = YES;
				SDKROOT = iphoneos;
				SWIFT_COMPILATION_MODE = wholemodule;
				SWIFT_OPTIMIZATION_LEVEL = "-O";
				SWIFT_VERSION = 5.0;
				VALIDATE_PRODUCT = YES;
			};
			name = Release;
		};
		81435D7124DA772C002CEB85 /* Debug */ = {
			isa = XCBuildConfiguration;
			baseConfigurationReference = 8201A4B7EF138AF388849FA7 /* Pods-instagram.debug.xcconfig */;
			buildSettings = {
				ASSETCATALOG_COMPILER_APPICON_NAME = AppIcon;
				CODE_SIGN_STYLE = Automatic;
				DEVELOPMENT_ASSET_PATHS = "\"instagram/Preview Content\"";
				DEVELOPMENT_TEAM = Y39CHLQ6L9;
				ENABLE_PREVIEWS = YES;
				INFOPLIST_FILE = instagram/Info.plist;
				LD_RUNPATH_SEARCH_PATHS = (
					"$(inherited)",
					"@executable_path/Frameworks",
				);
				PRODUCT_BUNDLE_IDENTIFIER = com.yukimatsushita.instagram;
				PRODUCT_NAME = "$(TARGET_NAME)";
				SWIFT_VERSION = 5.0;
				TARGETED_DEVICE_FAMILY = "1,2";
			};
			name = Debug;
		};
		81435D7224DA772C002CEB85 /* Release */ = {
			isa = XCBuildConfiguration;
			baseConfigurationReference = 6CBCE50161B81CF6BB9F5618 /* Pods-instagram.release.xcconfig */;
			buildSettings = {
				ASSETCATALOG_COMPILER_APPICON_NAME = AppIcon;
				CODE_SIGN_STYLE = Automatic;
				DEVELOPMENT_ASSET_PATHS = "\"instagram/Preview Content\"";
				DEVELOPMENT_TEAM = Y39CHLQ6L9;
				ENABLE_PREVIEWS = YES;
				INFOPLIST_FILE = instagram/Info.plist;
				LD_RUNPATH_SEARCH_PATHS = (
					"$(inherited)",
					"@executable_path/Frameworks",
				);
				PRODUCT_BUNDLE_IDENTIFIER = com.yukimatsushita.instagram;
				PRODUCT_NAME = "$(TARGET_NAME)";
				SWIFT_VERSION = 5.0;
				TARGETED_DEVICE_FAMILY = "1,2";
			};
			name = Release;
		};
/* End XCBuildConfiguration section */

/* Begin XCConfigurationList section */
		81435D5724DA772A002CEB85 /* Build configuration list for PBXProject "instagram" */ = {
			isa = XCConfigurationList;
			buildConfigurations = (
				81435D6E24DA772C002CEB85 /* Debug */,
				81435D6F24DA772C002CEB85 /* Release */,
			);
			defaultConfigurationIsVisible = 0;
			defaultConfigurationName = Release;
		};
		81435D7024DA772C002CEB85 /* Build configuration list for PBXNativeTarget "instagram" */ = {
			isa = XCConfigurationList;
			buildConfigurations = (
				81435D7124DA772C002CEB85 /* Debug */,
				81435D7224DA772C002CEB85 /* Release */,
			);
			defaultConfigurationIsVisible = 0;
			defaultConfigurationName = Release;
		};
/* End XCConfigurationList section */

/* Begin XCRemoteSwiftPackageReference section */
		81394E5524F77004001CD680 /* XCRemoteSwiftPackageReference "SDWebImageSwiftUI" */ = {
			isa = XCRemoteSwiftPackageReference;
			repositoryURL = "https://github.com/SDWebImage/SDWebImageSwiftUI.git";
			requirement = {
				kind = upToNextMajorVersion;
				minimumVersion = 1.5.0;
			};
		};
		818897AC24FA05F10037ADC0 /* XCRemoteSwiftPackageReference "Resolver" */ = {
			isa = XCRemoteSwiftPackageReference;
			repositoryURL = "https://github.com/hmlongco/Resolver.git";
			requirement = {
				kind = upToNextMajorVersion;
				minimumVersion = 1.1.4;
			};
		};
		818897BA24FA3FE30037ADC0 /* XCRemoteSwiftPackageReference "SwiftUI-Introspect" */ = {
			isa = XCRemoteSwiftPackageReference;
			repositoryURL = "https://github.com/siteline/SwiftUI-Introspect.git";
			requirement = {
				kind = upToNextMajorVersion;
				minimumVersion = 0.1.0;
			};
		};
/* End XCRemoteSwiftPackageReference section */

/* Begin XCSwiftPackageProductDependency section */
		81394E5624F77004001CD680 /* SDWebImageSwiftUI */ = {
			isa = XCSwiftPackageProductDependency;
			package = 81394E5524F77004001CD680 /* XCRemoteSwiftPackageReference "SDWebImageSwiftUI" */;
			productName = SDWebImageSwiftUI;
		};
		818897AD24FA05F10037ADC0 /* Resolver */ = {
			isa = XCSwiftPackageProductDependency;
			package = 818897AC24FA05F10037ADC0 /* XCRemoteSwiftPackageReference "Resolver" */;
			productName = Resolver;
		};
		818897BB24FA3FE30037ADC0 /* Introspect */ = {
			isa = XCSwiftPackageProductDependency;
			package = 818897BA24FA3FE30037ADC0 /* XCRemoteSwiftPackageReference "SwiftUI-Introspect" */;
			productName = Introspect;
		};
/* End XCSwiftPackageProductDependency section */
	};
	rootObject = 81435D5424DA772A002CEB85 /* Project object */;
}
