// !$*UTF8*$!
{
	archiveVersion = 1;
	classes = {
	};
	objectVersion = 50;
	objects = {

/* Begin PBXBuildFile section */
		8107920F24DFACD5003683C1 /* GarallyCellViewModel.swift in Sources */ = {isa = PBXBuildFile; fileRef = 8107920E24DFACD5003683C1 /* GarallyCellViewModel.swift */; };
		8107921124DFAD65003683C1 /* GalleryCellView.swift in Sources */ = {isa = PBXBuildFile; fileRef = 8107921024DFAD65003683C1 /* GalleryCellView.swift */; };
		81435D6024DA772A002CEB85 /* AppDelegate.swift in Sources */ = {isa = PBXBuildFile; fileRef = 81435D5F24DA772A002CEB85 /* AppDelegate.swift */; };
		81435D6224DA772A002CEB85 /* SceneDelegate.swift in Sources */ = {isa = PBXBuildFile; fileRef = 81435D6124DA772A002CEB85 /* SceneDelegate.swift */; };
		81435D6424DA772A002CEB85 /* HomeView.swift in Sources */ = {isa = PBXBuildFile; fileRef = 81435D6324DA772A002CEB85 /* HomeView.swift */; };
		81435D6624DA772C002CEB85 /* Assets.xcassets in Resources */ = {isa = PBXBuildFile; fileRef = 81435D6524DA772C002CEB85 /* Assets.xcassets */; };
		81435D6924DA772C002CEB85 /* Preview Assets.xcassets in Resources */ = {isa = PBXBuildFile; fileRef = 81435D6824DA772C002CEB85 /* Preview Assets.xcassets */; };
		81435D6C24DA772C002CEB85 /* LaunchScreen.storyboard in Resources */ = {isa = PBXBuildFile; fileRef = 81435D6A24DA772C002CEB85 /* LaunchScreen.storyboard */; };
		81435D7524DA7AAC002CEB85 /* PhotoRow.swift in Sources */ = {isa = PBXBuildFile; fileRef = 81435D7424DA7AAC002CEB85 /* PhotoRow.swift */; };
		81B893CA24DBA24000F477B4 /* AppView.swift in Sources */ = {isa = PBXBuildFile; fileRef = 81B893C924DBA24000F477B4 /* AppView.swift */; };
		81EA992D24DE54E900E99AE9 /* AddView.swift in Sources */ = {isa = PBXBuildFile; fileRef = 81EA992C24DE54E900E99AE9 /* AddView.swift */; };
		81EA992F24DE576200E99AE9 /* GalleryView.swift in Sources */ = {isa = PBXBuildFile; fileRef = 81EA992E24DE576200E99AE9 /* GalleryView.swift */; };
		81EA993224DE6B2500E99AE9 /* Utils.swift in Sources */ = {isa = PBXBuildFile; fileRef = 81EA993124DE6B2500E99AE9 /* Utils.swift */; };
		81EA993424DF03C800E99AE9 /* GarallyViewModel.swift in Sources */ = {isa = PBXBuildFile; fileRef = 81EA993324DF03C800E99AE9 /* GarallyViewModel.swift */; };
		81EA993724DF04D400E99AE9 /* PhotoAPI.swift in Sources */ = {isa = PBXBuildFile; fileRef = 81EA993624DF04D400E99AE9 /* PhotoAPI.swift */; };
/* End PBXBuildFile section */

/* Begin PBXFileReference section */
		8107920E24DFACD5003683C1 /* GarallyCellViewModel.swift */ = {isa = PBXFileReference; lastKnownFileType = sourcecode.swift; path = GarallyCellViewModel.swift; sourceTree = "<group>"; };
		8107921024DFAD65003683C1 /* GalleryCellView.swift */ = {isa = PBXFileReference; lastKnownFileType = sourcecode.swift; path = GalleryCellView.swift; sourceTree = "<group>"; };
		81435D5C24DA772A002CEB85 /* instagram.app */ = {isa = PBXFileReference; explicitFileType = wrapper.application; includeInIndex = 0; path = instagram.app; sourceTree = BUILT_PRODUCTS_DIR; };
		81435D5F24DA772A002CEB85 /* AppDelegate.swift */ = {isa = PBXFileReference; lastKnownFileType = sourcecode.swift; path = AppDelegate.swift; sourceTree = "<group>"; };
		81435D6124DA772A002CEB85 /* SceneDelegate.swift */ = {isa = PBXFileReference; lastKnownFileType = sourcecode.swift; path = SceneDelegate.swift; sourceTree = "<group>"; };
		81435D6324DA772A002CEB85 /* HomeView.swift */ = {isa = PBXFileReference; lastKnownFileType = sourcecode.swift; path = HomeView.swift; sourceTree = "<group>"; };
		81435D6524DA772C002CEB85 /* Assets.xcassets */ = {isa = PBXFileReference; lastKnownFileType = folder.assetcatalog; path = Assets.xcassets; sourceTree = "<group>"; };
		81435D6824DA772C002CEB85 /* Preview Assets.xcassets */ = {isa = PBXFileReference; lastKnownFileType = folder.assetcatalog; path = "Preview Assets.xcassets"; sourceTree = "<group>"; };
		81435D6B24DA772C002CEB85 /* Base */ = {isa = PBXFileReference; lastKnownFileType = file.storyboard; name = Base; path = Base.lproj/LaunchScreen.storyboard; sourceTree = "<group>"; };
		81435D6D24DA772C002CEB85 /* Info.plist */ = {isa = PBXFileReference; lastKnownFileType = text.plist.xml; path = Info.plist; sourceTree = "<group>"; };
		81435D7424DA7AAC002CEB85 /* PhotoRow.swift */ = {isa = PBXFileReference; lastKnownFileType = sourcecode.swift; path = PhotoRow.swift; sourceTree = "<group>"; };
		81B893C924DBA24000F477B4 /* AppView.swift */ = {isa = PBXFileReference; lastKnownFileType = sourcecode.swift; path = AppView.swift; sourceTree = "<group>"; };
		81EA992C24DE54E900E99AE9 /* AddView.swift */ = {isa = PBXFileReference; lastKnownFileType = sourcecode.swift; path = AddView.swift; sourceTree = "<group>"; };
		81EA992E24DE576200E99AE9 /* GalleryView.swift */ = {isa = PBXFileReference; lastKnownFileType = sourcecode.swift; path = GalleryView.swift; sourceTree = "<group>"; };
		81EA993124DE6B2500E99AE9 /* Utils.swift */ = {isa = PBXFileReference; lastKnownFileType = sourcecode.swift; path = Utils.swift; sourceTree = "<group>"; };
		81EA993324DF03C800E99AE9 /* GarallyViewModel.swift */ = {isa = PBXFileReference; lastKnownFileType = sourcecode.swift; path = GarallyViewModel.swift; sourceTree = "<group>"; };
		81EA993624DF04D400E99AE9 /* PhotoAPI.swift */ = {isa = PBXFileReference; lastKnownFileType = sourcecode.swift; path = PhotoAPI.swift; sourceTree = "<group>"; };
/* End PBXFileReference section */

/* Begin PBXFrameworksBuildPhase section */
		81435D5924DA772A002CEB85 /* Frameworks */ = {
			isa = PBXFrameworksBuildPhase;
			buildActionMask = 2147483647;
			files = (
			);
			runOnlyForDeploymentPostprocessing = 0;
		};
/* End PBXFrameworksBuildPhase section */

/* Begin PBXGroup section */
		81435D5324DA772A002CEB85 = {
			isa = PBXGroup;
			children = (
				81435D5E24DA772A002CEB85 /* instagram */,
				81435D5D24DA772A002CEB85 /* Products */,
			);
			sourceTree = "<group>";
		};
		81435D5D24DA772A002CEB85 /* Products */ = {
			isa = PBXGroup;
			children = (
				81435D5C24DA772A002CEB85 /* instagram.app */,
			);
			name = Products;
			sourceTree = "<group>";
		};
		81435D5E24DA772A002CEB85 /* instagram */ = {
			isa = PBXGroup;
			children = (
				81EA993524DF04BB00E99AE9 /* services */,
				81EA993024DE6B1100E99AE9 /* utils */,
				81EA992B24DE54C100E99AE9 /* add */,
				81435D7324DA7A65002CEB85 /* home */,
				81435D5F24DA772A002CEB85 /* AppDelegate.swift */,
				81435D6124DA772A002CEB85 /* SceneDelegate.swift */,
				81B893C924DBA24000F477B4 /* AppView.swift */,
				81435D6524DA772C002CEB85 /* Assets.xcassets */,
				81435D6A24DA772C002CEB85 /* LaunchScreen.storyboard */,
				81435D6D24DA772C002CEB85 /* Info.plist */,
				81435D6724DA772C002CEB85 /* Preview Content */,
			);
			path = instagram;
			sourceTree = "<group>";
		};
		81435D6724DA772C002CEB85 /* Preview Content */ = {
			isa = PBXGroup;
			children = (
				81435D6824DA772C002CEB85 /* Preview Assets.xcassets */,
			);
			path = "Preview Content";
			sourceTree = "<group>";
		};
		81435D7324DA7A65002CEB85 /* home */ = {
			isa = PBXGroup;
			children = (
				81435D6324DA772A002CEB85 /* HomeView.swift */,
				81435D7424DA7AAC002CEB85 /* PhotoRow.swift */,
			);
			path = home;
			sourceTree = "<group>";
		};
		81EA992B24DE54C100E99AE9 /* add */ = {
			isa = PBXGroup;
			children = (
				81EA992C24DE54E900E99AE9 /* AddView.swift */,
				81EA992E24DE576200E99AE9 /* GalleryView.swift */,
				81EA993324DF03C800E99AE9 /* GarallyViewModel.swift */,
				8107921024DFAD65003683C1 /* GalleryCellView.swift */,
				8107920E24DFACD5003683C1 /* GarallyCellViewModel.swift */,
			);
			path = add;
			sourceTree = "<group>";
		};
		81EA993024DE6B1100E99AE9 /* utils */ = {
			isa = PBXGroup;
			children = (
				81EA993124DE6B2500E99AE9 /* Utils.swift */,
			);
			path = utils;
			sourceTree = "<group>";
		};
		81EA993524DF04BB00E99AE9 /* services */ = {
			isa = PBXGroup;
			children = (
				81EA993624DF04D400E99AE9 /* PhotoAPI.swift */,
			);
			path = services;
			sourceTree = "<group>";
		};
/* End PBXGroup section */

/* Begin PBXNativeTarget section */
		81435D5B24DA772A002CEB85 /* instagram */ = {
			isa = PBXNativeTarget;
			buildConfigurationList = 81435D7024DA772C002CEB85 /* Build configuration list for PBXNativeTarget "instagram" */;
			buildPhases = (
				81435D5824DA772A002CEB85 /* Sources */,
				81435D5924DA772A002CEB85 /* Frameworks */,
				81435D5A24DA772A002CEB85 /* Resources */,
				81EA992A24DBDDA800E99AE9 /* Lint & Format script */,
			);
			buildRules = (
			);
			dependencies = (
			);
			name = instagram;
			packageProductDependencies = (
			);
			productName = instagram;
			productReference = 81435D5C24DA772A002CEB85 /* instagram.app */;
			productType = "com.apple.product-type.application";
		};
/* End PBXNativeTarget section */

/* Begin PBXProject section */
		81435D5424DA772A002CEB85 /* Project object */ = {
			isa = PBXProject;
			attributes = {
				LastSwiftUpdateCheck = 1150;
				LastUpgradeCheck = 1150;
				ORGANIZATIONNAME = "Yuki Matsushita";
				TargetAttributes = {
					81435D5B24DA772A002CEB85 = {
						CreatedOnToolsVersion = 11.5;
					};
				};
			};
			buildConfigurationList = 81435D5724DA772A002CEB85 /* Build configuration list for PBXProject "instagram" */;
			compatibilityVersion = "Xcode 9.3";
			developmentRegion = en;
			hasScannedForEncodings = 0;
			knownRegions = (
				en,
				Base,
			);
			mainGroup = 81435D5324DA772A002CEB85;
			packageReferences = (
			);
			productRefGroup = 81435D5D24DA772A002CEB85 /* Products */;
			projectDirPath = "";
			projectRoot = "";
			targets = (
				81435D5B24DA772A002CEB85 /* instagram */,
			);
		};
/* End PBXProject section */

/* Begin PBXResourcesBuildPhase section */
		81435D5A24DA772A002CEB85 /* Resources */ = {
			isa = PBXResourcesBuildPhase;
			buildActionMask = 2147483647;
			files = (
				81435D6C24DA772C002CEB85 /* LaunchScreen.storyboard in Resources */,
				81435D6924DA772C002CEB85 /* Preview Assets.xcassets in Resources */,
				81435D6624DA772C002CEB85 /* Assets.xcassets in Resources */,
			);
			runOnlyForDeploymentPostprocessing = 0;
		};
/* End PBXResourcesBuildPhase section */

/* Begin PBXShellScriptBuildPhase section */
		81EA992A24DBDDA800E99AE9 /* Lint & Format script */ = {
			isa = PBXShellScriptBuildPhase;
			buildActionMask = 2147483647;
			files = (
			);
			inputFileListPaths = (
			);
			inputPaths = (
			);
			name = "Lint & Format script";
			outputFileListPaths = (
			);
			outputPaths = (
			);
			runOnlyForDeploymentPostprocessing = 0;
			shellPath = /bin/sh;
			shellScript = "SDKROOT=macosx\n\nswift run --package-path BuildTools swift-format --mode format -r ./instagram -i\n\nswift run --package-path BuildTools swift-format --mode lint -r ./instagram\n\n";
		};
/* End PBXShellScriptBuildPhase section */

/* Begin PBXSourcesBuildPhase section */
		81435D5824DA772A002CEB85 /* Sources */ = {
			isa = PBXSourcesBuildPhase;
			buildActionMask = 2147483647;
			files = (
				81EA992F24DE576200E99AE9 /* GalleryView.swift in Sources */,
				81435D6024DA772A002CEB85 /* AppDelegate.swift in Sources */,
				81435D6224DA772A002CEB85 /* SceneDelegate.swift in Sources */,
				81EA993724DF04D400E99AE9 /* PhotoAPI.swift in Sources */,
				81EA992D24DE54E900E99AE9 /* AddView.swift in Sources */,
				81435D6424DA772A002CEB85 /* HomeView.swift in Sources */,
				81B893CA24DBA24000F477B4 /* AppView.swift in Sources */,
				81EA993424DF03C800E99AE9 /* GarallyViewModel.swift in Sources */,
				81435D7524DA7AAC002CEB85 /* PhotoRow.swift in Sources */,
				8107920F24DFACD5003683C1 /* GarallyCellViewModel.swift in Sources */,
				81EA993224DE6B2500E99AE9 /* Utils.swift in Sources */,
				8107921124DFAD65003683C1 /* GalleryCellView.swift in Sources */,
			);
			runOnlyForDeploymentPostprocessing = 0;
		};
/* End PBXSourcesBuildPhase section */

/* Begin PBXVariantGroup section */
		81435D6A24DA772C002CEB85 /* LaunchScreen.storyboard */ = {
			isa = PBXVariantGroup;
			children = (
				81435D6B24DA772C002CEB85 /* Base */,
			);
			name = LaunchScreen.storyboard;
			sourceTree = "<group>";
		};
/* End PBXVariantGroup section */

/* Begin XCBuildConfiguration section */
		81435D6E24DA772C002CEB85 /* Debug */ = {
			isa = XCBuildConfiguration;
			buildSettings = {
				ALWAYS_SEARCH_USER_PATHS = NO;
				CLANG_ANALYZER_NONNULL = YES;
				CLANG_ANALYZER_NUMBER_OBJECT_CONVERSION = YES_AGGRESSIVE;
				CLANG_CXX_LANGUAGE_STANDARD = "gnu++14";
				CLANG_CXX_LIBRARY = "libc++";
				CLANG_ENABLE_MODULES = YES;
				CLANG_ENABLE_OBJC_ARC = YES;
				CLANG_ENABLE_OBJC_WEAK = YES;
				CLANG_WARN_BLOCK_CAPTURE_AUTORELEASING = YES;
				CLANG_WARN_BOOL_CONVERSION = YES;
				CLANG_WARN_COMMA = YES;
				CLANG_WARN_CONSTANT_CONVERSION = YES;
				CLANG_WARN_DEPRECATED_OBJC_IMPLEMENTATIONS = YES;
				CLANG_WARN_DIRECT_OBJC_ISA_USAGE = YES_ERROR;
				CLANG_WARN_DOCUMENTATION_COMMENTS = YES;
				CLANG_WARN_EMPTY_BODY = YES;
				CLANG_WARN_ENUM_CONVERSION = YES;
				CLANG_WARN_INFINITE_RECURSION = YES;
				CLANG_WARN_INT_CONVERSION = YES;
				CLANG_WARN_NON_LITERAL_NULL_CONVERSION = YES;
				CLANG_WARN_OBJC_IMPLICIT_RETAIN_SELF = YES;
				CLANG_WARN_OBJC_LITERAL_CONVERSION = YES;
				CLANG_WARN_OBJC_ROOT_CLASS = YES_ERROR;
				CLANG_WARN_RANGE_LOOP_ANALYSIS = YES;
				CLANG_WARN_STRICT_PROTOTYPES = YES;
				CLANG_WARN_SUSPICIOUS_MOVE = YES;
				CLANG_WARN_UNGUARDED_AVAILABILITY = YES_AGGRESSIVE;
				CLANG_WARN_UNREACHABLE_CODE = YES;
				CLANG_WARN__DUPLICATE_METHOD_MATCH = YES;
				COPY_PHASE_STRIP = NO;
				DEBUG_INFORMATION_FORMAT = dwarf;
				ENABLE_STRICT_OBJC_MSGSEND = YES;
				ENABLE_TESTABILITY = YES;
				GCC_C_LANGUAGE_STANDARD = gnu11;
				GCC_DYNAMIC_NO_PIC = NO;
				GCC_NO_COMMON_BLOCKS = YES;
				GCC_OPTIMIZATION_LEVEL = 0;
				GCC_PREPROCESSOR_DEFINITIONS = (
					"DEBUG=1",
					"$(inherited)",
				);
				GCC_WARN_64_TO_32_BIT_CONVERSION = YES;
				GCC_WARN_ABOUT_RETURN_TYPE = YES_ERROR;
				GCC_WARN_UNDECLARED_SELECTOR = YES;
				GCC_WARN_UNINITIALIZED_AUTOS = YES_AGGRESSIVE;
				GCC_WARN_UNUSED_FUNCTION = YES;
				GCC_WARN_UNUSED_VARIABLE = YES;
				IPHONEOS_DEPLOYMENT_TARGET = 13.0;
				MTL_ENABLE_DEBUG_INFO = INCLUDE_SOURCE;
				MTL_FAST_MATH = YES;
				ONLY_ACTIVE_ARCH = YES;
				SDKROOT = iphoneos;
				SWIFT_ACTIVE_COMPILATION_CONDITIONS = DEBUG;
				SWIFT_OPTIMIZATION_LEVEL = "-Onone";
			};
			name = Debug;
		};
		81435D6F24DA772C002CEB85 /* Release */ = {
			isa = XCBuildConfiguration;
			buildSettings = {
				ALWAYS_SEARCH_USER_PATHS = NO;
				CLANG_ANALYZER_NONNULL = YES;
				CLANG_ANALYZER_NUMBER_OBJECT_CONVERSION = YES_AGGRESSIVE;
				CLANG_CXX_LANGUAGE_STANDARD = "gnu++14";
				CLANG_CXX_LIBRARY = "libc++";
				CLANG_ENABLE_MODULES = YES;
				CLANG_ENABLE_OBJC_ARC = YES;
				CLANG_ENABLE_OBJC_WEAK = YES;
				CLANG_WARN_BLOCK_CAPTURE_AUTORELEASING = YES;
				CLANG_WARN_BOOL_CONVERSION = YES;
				CLANG_WARN_COMMA = YES;
				CLANG_WARN_CONSTANT_CONVERSION = YES;
				CLANG_WARN_DEPRECATED_OBJC_IMPLEMENTATIONS = YES;
				CLANG_WARN_DIRECT_OBJC_ISA_USAGE = YES_ERROR;
				CLANG_WARN_DOCUMENTATION_COMMENTS = YES;
				CLANG_WARN_EMPTY_BODY = YES;
				CLANG_WARN_ENUM_CONVERSION = YES;
				CLANG_WARN_INFINITE_RECURSION = YES;
				CLANG_WARN_INT_CONVERSION = YES;
				CLANG_WARN_NON_LITERAL_NULL_CONVERSION = YES;
				CLANG_WARN_OBJC_IMPLICIT_RETAIN_SELF = YES;
				CLANG_WARN_OBJC_LITERAL_CONVERSION = YES;
				CLANG_WARN_OBJC_ROOT_CLASS = YES_ERROR;
				CLANG_WARN_RANGE_LOOP_ANALYSIS = YES;
				CLANG_WARN_STRICT_PROTOTYPES = YES;
				CLANG_WARN_SUSPICIOUS_MOVE = YES;
				CLANG_WARN_UNGUARDED_AVAILABILITY = YES_AGGRESSIVE;
				CLANG_WARN_UNREACHABLE_CODE = YES;
				CLANG_WARN__DUPLICATE_METHOD_MATCH = YES;
				COPY_PHASE_STRIP = NO;
				DEBUG_INFORMATION_FORMAT = "dwarf-with-dsym";
				ENABLE_NS_ASSERTIONS = NO;
				ENABLE_STRICT_OBJC_MSGSEND = YES;
				GCC_C_LANGUAGE_STANDARD = gnu11;
				GCC_NO_COMMON_BLOCKS = YES;
				GCC_WARN_64_TO_32_BIT_CONVERSION = YES;
				GCC_WARN_ABOUT_RETURN_TYPE = YES_ERROR;
				GCC_WARN_UNDECLARED_SELECTOR = YES;
				GCC_WARN_UNINITIALIZED_AUTOS = YES_AGGRESSIVE;
				GCC_WARN_UNUSED_FUNCTION = YES;
				GCC_WARN_UNUSED_VARIABLE = YES;
				IPHONEOS_DEPLOYMENT_TARGET = 13.0;
				MTL_ENABLE_DEBUG_INFO = NO;
				MTL_FAST_MATH = YES;
				SDKROOT = iphoneos;
				SWIFT_COMPILATION_MODE = wholemodule;
				SWIFT_OPTIMIZATION_LEVEL = "-O";
				VALIDATE_PRODUCT = YES;
			};
			name = Release;
		};
		81435D7124DA772C002CEB85 /* Debug */ = {
			isa = XCBuildConfiguration;
			buildSettings = {
				ASSETCATALOG_COMPILER_APPICON_NAME = AppIcon;
				CODE_SIGN_STYLE = Automatic;
				DEVELOPMENT_ASSET_PATHS = "\"instagram/Preview Content\"";
				DEVELOPMENT_TEAM = Y39CHLQ6L9;
				ENABLE_PREVIEWS = YES;
				INFOPLIST_FILE = instagram/Info.plist;
				LD_RUNPATH_SEARCH_PATHS = (
					"$(inherited)",
					"@executable_path/Frameworks",
				);
				PRODUCT_BUNDLE_IDENTIFIER = com.yukimatsushita.instagram.instagram;
				PRODUCT_NAME = "$(TARGET_NAME)";
				SWIFT_VERSION = 5.0;
				TARGETED_DEVICE_FAMILY = "1,2";
			};
			name = Debug;
		};
		81435D7224DA772C002CEB85 /* Release */ = {
			isa = XCBuildConfiguration;
			buildSettings = {
				ASSETCATALOG_COMPILER_APPICON_NAME = AppIcon;
				CODE_SIGN_STYLE = Automatic;
				DEVELOPMENT_ASSET_PATHS = "\"instagram/Preview Content\"";
				DEVELOPMENT_TEAM = Y39CHLQ6L9;
				ENABLE_PREVIEWS = YES;
				INFOPLIST_FILE = instagram/Info.plist;
				LD_RUNPATH_SEARCH_PATHS = (
					"$(inherited)",
					"@executable_path/Frameworks",
				);
				PRODUCT_BUNDLE_IDENTIFIER = com.yukimatsushita.instagram.instagram;
				PRODUCT_NAME = "$(TARGET_NAME)";
				SWIFT_VERSION = 5.0;
				TARGETED_DEVICE_FAMILY = "1,2";
			};
			name = Release;
		};
/* End XCBuildConfiguration section */

/* Begin XCConfigurationList section */
		81435D5724DA772A002CEB85 /* Build configuration list for PBXProject "instagram" */ = {
			isa = XCConfigurationList;
			buildConfigurations = (
				81435D6E24DA772C002CEB85 /* Debug */,
				81435D6F24DA772C002CEB85 /* Release */,
			);
			defaultConfigurationIsVisible = 0;
			defaultConfigurationName = Release;
		};
		81435D7024DA772C002CEB85 /* Build configuration list for PBXNativeTarget "instagram" */ = {
			isa = XCConfigurationList;
			buildConfigurations = (
				81435D7124DA772C002CEB85 /* Debug */,
				81435D7224DA772C002CEB85 /* Release */,
			);
			defaultConfigurationIsVisible = 0;
			defaultConfigurationName = Release;
		};
/* End XCConfigurationList section */
	};
	rootObject = 81435D5424DA772A002CEB85 /* Project object */;
}
